
Microsoft Visual Studio Solution File, Format Version 12.00
# Visual Studio Version 16
VisualStudioVersion = 16.0.32002.261
MinimumVisualStudioVersion = 10.0.40219.1
Project("{8BC9CEB8-8B4A-11D0-8D11-00A0C91BC942}") = "app", "app\app.vcxproj", "{832BB773-143F-4583-ACBE-05A624A5AD28}"
	ProjectSection(ProjectDependencies) = postProject
		{76B12206-613A-4BB4-B7A8-A2F4387207EF} = {76B12206-613A-4BB4-B7A8-A2F4387207EF}
	EndProjectSection
EndProject
Project("{8BC9CEB8-8B4A-11D0-8D11-00A0C91BC942}") = "pi", "pi\pi.vcxproj", "{76B12206-613A-4BB4-B7A8-A2F4387207EF}"
EndProject
Project("{8BC9CEB8-8B4A-11D0-8D11-00A0C91BC942}") = "pintool", "pintool\pintool.vcxproj", "{1E92B5E8-3B26-47C0-BC5F-3CD8B5394F58}"
EndProject
Global
	GlobalSection(SolutionConfigurationPlatforms) = preSolution
		Debug|x64 = Debug|x64
		Debug|x86 = Debug|x86
		Release|x64 = Release|x64
		Release|x86 = Release|x86
	EndGlobalSection
	GlobalSection(ProjectConfigurationPlatforms) = postSolution
		{832BB773-143F-4583-ACBE-05A624A5AD28}.Debug|x64.ActiveCfg = Debug|x64
		{832BB773-143F-4583-ACBE-05A624A5AD28}.Debug|x64.Build.0 = Debug|x64
		{832BB773-143F-4583-ACBE-05A624A5AD28}.Debug|x86.ActiveCfg = Debug|Win32
		{832BB773-143F-4583-ACBE-05A624A5AD28}.Debug|x86.Build.0 = Debug|Win32
		{832BB773-143F-4583-ACBE-05A624A5AD28}.Release|x64.ActiveCfg = Release|x64
		{832BB773-143F-4583-ACBE-05A624A5AD28}.Release|x64.Build.0 = Release|x64
		{832BB773-143F-4583-ACBE-05A624A5AD28}.Release|x86.ActiveCfg = Release|Win32
		{832BB773-143F-4583-ACBE-05A624A5AD28}.Release|x86.Build.0 = Release|Win32
		{76B12206-613A-4BB4-B7A8-A2F4387207EF}.Debug|x64.ActiveCfg = Debug|x64
		{76B12206-613A-4BB4-B7A8-A2F4387207EF}.Debug|x64.Build.0 = Debug|x64
		{76B12206-613A-4BB4-B7A8-A2F4387207EF}.Debug|x86.ActiveCfg = Debug|Win32
		{76B12206-613A-4BB4-B7A8-A2F4387207EF}.Debug|x86.Build.0 = Debug|Win32
		{76B12206-613A-4BB4-B7A8-A2F4387207EF}.Release|x64.ActiveCfg = Release|x64
		{76B12206-613A-4BB4-B7A8-A2F4387207EF}.Release|x64.Build.0 = Release|x64
		{76B12206-613A-4BB4-B7A8-A2F4387207EF}.Release|x86.ActiveCfg = Release|Win32
		{76B12206-613A-4BB4-B7A8-A2F4387207EF}.Release|x86.Build.0 = Release|Win32
		{1E92B5E8-3B26-47C0-BC5F-3CD8B5394F58}.Debug|x64.ActiveCfg = Debug|x64
		{1E92B5E8-3B26-47C0-BC5F-3CD8B5394F58}.Debug|x64.Build.0 = Debug|x64
		{1E92B5E8-3B26-47C0-BC5F-3CD8B5394F58}.Debug|x86.ActiveCfg = Debug|Win32
		{1E92B5E8-3B26-47C0-BC5F-3CD8B5394F58}.Debug|x86.Build.0 = Debug|Win32
		{1E92B5E8-3B26-47C0-BC5F-3CD8B5394F58}.Release|x64.ActiveCfg = Release|x64
		{1E92B5E8-3B26-47C0-BC5F-3CD8B5394F58}.Release|x64.Build.0 = Release|x64
		{1E92B5E8-3B26-47C0-BC5F-3CD8B5394F58}.Release|x86.ActiveCfg = Release|Win32
		{1E92B5E8-3B26-47C0-BC5F-3CD8B5394F58}.Release|x86.Build.0 = Release|Win32
	EndGlobalSection
	GlobalSection(SolutionProperties) = preSolution
		HideSolutionNode = FALSE
	EndGlobalSection
	GlobalSection(ExtensibilityGlobals) = postSolution
		SolutionGuid = {7425DB42-C040-4671-B1DF-AB47B6C2357E}
	EndGlobalSection
EndGlobal
